
Microsoft Visual Studio Solution File, Format Version 12.00
# Visual Studio 2013
VisualStudioVersion = 12.0.21005.1
MinimumVisualStudioVersion = 10.0.40219.1
Project("{FAE04EC0-301F-11D3-BF4B-00C04F79EFBC}") = "Plataforma PAR", "Plataforma PAR\Plataforma PAR.csproj", "{8CE8B993-58F4-48F6-B148-A0AA0DA55339}"
EndProject
Project("{FAE04EC0-301F-11D3-BF4B-00C04F79EFBC}") = "DAR_CLIENT", "..\..\..\..\Downloads\WebApplication1\WebApplication1\DAR_CLIENT.csproj", "{94F4416D-4CEA-48A4-8812-533FFEAF04CD}"
EndProject
Global
	GlobalSection(SolutionConfigurationPlatforms) = preSolution
		Debug|Any CPU = Debug|Any CPU
		Release|Any CPU = Release|Any CPU
	EndGlobalSection
	GlobalSection(ProjectConfigurationPlatforms) = postSolution
		{8CE8B993-58F4-48F6-B148-A0AA0DA55339}.Debug|Any CPU.ActiveCfg = Debug|Any CPU
		{8CE8B993-58F4-48F6-B148-A0AA0DA55339}.Debug|Any CPU.Build.0 = Debug|Any CPU
		{8CE8B993-58F4-48F6-B148-A0AA0DA55339}.Release|Any CPU.ActiveCfg = Release|Any CPU
		{8CE8B993-58F4-48F6-B148-A0AA0DA55339}.Release|Any CPU.Build.0 = Release|Any CPU
		{94F4416D-4CEA-48A4-8812-533FFEAF04CD}.Debug|Any CPU.ActiveCfg = Debug|Any CPU
		{94F4416D-4CEA-48A4-8812-533FFEAF04CD}.Debug|Any CPU.Build.0 = Debug|Any CPU
		{94F4416D-4CEA-48A4-8812-533FFEAF04CD}.Release|Any CPU.ActiveCfg = Release|Any CPU
		{94F4416D-4CEA-48A4-8812-533FFEAF04CD}.Release|Any CPU.Build.0 = Release|Any CPU
	EndGlobalSection
	GlobalSection(SolutionProperties) = preSolution
		HideSolutionNode = FALSE
	EndGlobalSection
EndGlobal
